// !$*UTF8*$!
{
	archiveVersion = 1;
	classes = {
	};
	objectVersion = 55;
	objects = {

/* Begin PBXBuildFile section */
		3D2655BD27CFCE0100BD72DB /* BoxOfficeBackGroundView.swift in Sources */ = {isa = PBXBuildFile; fileRef = 3D2655BC27CFCE0100BD72DB /* BoxOfficeBackGroundView.swift */; };
		3D2655BF27CFCE7E00BD72DB /* BoxOfficeBackGroundViewModel.swift in Sources */ = {isa = PBXBuildFile; fileRef = 3D2655BE27CFCE7E00BD72DB /* BoxOfficeBackGroundViewModel.swift */; };
		3D33642A27EE10B300FA721B /* SnapKit in Frameworks */ = {isa = PBXBuildFile; productRef = 3D33642927EE10B300FA721B /* SnapKit */; };
		3D33642D27EE111400FA721B /* RxCocoa in Frameworks */ = {isa = PBXBuildFile; productRef = 3D33642C27EE111400FA721B /* RxCocoa */; };
		3D33642F27EE111400FA721B /* RxSwift in Frameworks */ = {isa = PBXBuildFile; productRef = 3D33642E27EE111400FA721B /* RxSwift */; };
		3D6F485927C3A94100C7B4FE /* BindingVC.swift in Sources */ = {isa = PBXBuildFile; fileRef = 3D6F485827C3A94100C7B4FE /* BindingVC.swift */; };
		3D6F485E27C5068D00C7B4FE /* DriverVC.swift in Sources */ = {isa = PBXBuildFile; fileRef = 3D6F485D27C5068C00C7B4FE /* DriverVC.swift */; };
		3D6F486127C60FE800C7B4FE /* CrossfitMovements.swift in Sources */ = {isa = PBXBuildFile; fileRef = 3D6F486027C60FE800C7B4FE /* CrossfitMovements.swift */; };
		3D6F486427C612FF00C7B4FE /* CrossfitWods.swift in Sources */ = {isa = PBXBuildFile; fileRef = 3D6F486327C612FF00C7B4FE /* CrossfitWods.swift */; };
		3D6F486727C6157100C7B4FE /* RXTableViewVC.swift in Sources */ = {isa = PBXBuildFile; fileRef = 3D6F486627C6157100C7B4FE /* RXTableViewVC.swift */; };
		3D6F486A27C617D700C7B4FE /* RXTableViewCell.swift in Sources */ = {isa = PBXBuildFile; fileRef = 3D6F486927C617D700C7B4FE /* RXTableViewCell.swift */; };
		3D6F486D27C6391F00C7B4FE /* ActionType.swift in Sources */ = {isa = PBXBuildFile; fileRef = 3D6F486C27C6391F00C7B4FE /* ActionType.swift */; };
		3D6F487027C6394900C7B4FE /* UIViewController.swift in Sources */ = {isa = PBXBuildFile; fileRef = 3D6F486F27C6394900C7B4FE /* UIViewController.swift */; };
		3D70FEF627C8B693009C4872 /* ColorWidth.swift in Sources */ = {isa = PBXBuildFile; fileRef = 3D70FEF527C8B693009C4872 /* ColorWidth.swift */; };
		3D70FEF827C8F8F8009C4872 /* UITextField+Rx.swift in Sources */ = {isa = PBXBuildFile; fileRef = 3D70FEF727C8F8F8009C4872 /* UITextField+Rx.swift */; };
		3DA9259E27B00762005405A1 /* AppDelegate.swift in Sources */ = {isa = PBXBuildFile; fileRef = 3DA9259D27B00762005405A1 /* AppDelegate.swift */; };
		3DA925A027B00762005405A1 /* SceneDelegate.swift in Sources */ = {isa = PBXBuildFile; fileRef = 3DA9259F27B00762005405A1 /* SceneDelegate.swift */; };
		3DA925A727B00763005405A1 /* Assets.xcassets in Resources */ = {isa = PBXBuildFile; fileRef = 3DA925A627B00763005405A1 /* Assets.xcassets */; };
		3DA925AA27B00763005405A1 /* LaunchScreen.storyboard in Resources */ = {isa = PBXBuildFile; fileRef = 3DA925A827B00763005405A1 /* LaunchScreen.storyboard */; };
		3DE2DEC327CB9559002624B3 /* BoxOfficeVC.swift in Sources */ = {isa = PBXBuildFile; fileRef = 3DE2DEC227CB9559002624B3 /* BoxOfficeVC.swift */; };
		3DE2DEC527CB95C0002624B3 /* BoxOfficeResponse.swift in Sources */ = {isa = PBXBuildFile; fileRef = 3DE2DEC427CB95C0002624B3 /* BoxOfficeResponse.swift */; };
		3DE2DEC827CB98DC002624B3 /* BoxOfficeNetwork.swift in Sources */ = {isa = PBXBuildFile; fileRef = 3DE2DEC727CB98DC002624B3 /* BoxOfficeNetwork.swift */; };
		3DE2DECA27CB9931002624B3 /* BoxOfficeAPI.swift in Sources */ = {isa = PBXBuildFile; fileRef = 3DE2DEC927CB9931002624B3 /* BoxOfficeAPI.swift */; };
		3DE2DECD27CB9A2C002624B3 /* Secret.swift in Sources */ = {isa = PBXBuildFile; fileRef = 3DE2DECC27CB9A2C002624B3 /* Secret.swift */; };
		3DE2DED427CBEC21002624B3 /* BoxOfficeTableViewCell.swift in Sources */ = {isa = PBXBuildFile; fileRef = 3DE2DED327CBEC21002624B3 /* BoxOfficeTableViewCell.swift */; };
		3DE2DED827CBF184002624B3 /* BoxOfficeViewModel.swift in Sources */ = {isa = PBXBuildFile; fileRef = 3DE2DED727CBF184002624B3 /* BoxOfficeViewModel.swift */; };
		3DE2DEDA27CF50FE002624B3 /* BoxOfficeModel.swift in Sources */ = {isa = PBXBuildFile; fileRef = 3DE2DED927CF50FE002624B3 /* BoxOfficeModel.swift */; };
		432465AC7654B71C31E748AF /* Pods_RxSwiftTIL.framework in Frameworks */ = {isa = PBXBuildFile; fileRef = 17E413A40D6989DC27FFF759 /* Pods_RxSwiftTIL.framework */; };
/* End PBXBuildFile section */

/* Begin PBXFileReference section */
		17E413A40D6989DC27FFF759 /* Pods_RxSwiftTIL.framework */ = {isa = PBXFileReference; explicitFileType = wrapper.framework; includeInIndex = 0; path = Pods_RxSwiftTIL.framework; sourceTree = BUILT_PRODUCTS_DIR; };
		3305E5EDBFD539AD0F295102 /* Pods-RxSwiftTIL.release.xcconfig */ = {isa = PBXFileReference; includeInIndex = 1; lastKnownFileType = text.xcconfig; name = "Pods-RxSwiftTIL.release.xcconfig"; path = "Target Support Files/Pods-RxSwiftTIL/Pods-RxSwiftTIL.release.xcconfig"; sourceTree = "<group>"; };
		3D0AAC1027B627F400F6DFE3 /* 4_ReplaySubject.playground */ = {isa = PBXFileReference; lastKnownFileType = file.playground; path = 4_ReplaySubject.playground; sourceTree = "<group>"; xcLanguageSpecificationIdentifier = xcode.lang.swift; };
		3D1D652127BA7C3B00B04B08 /* 7_Operator_Create.playground */ = {isa = PBXFileReference; lastKnownFileType = file.playground; path = 7_Operator_Create.playground; sourceTree = "<group>"; xcLanguageSpecificationIdentifier = xcode.lang.swift; };
		3D2655BC27CFCE0100BD72DB /* BoxOfficeBackGroundView.swift */ = {isa = PBXFileReference; lastKnownFileType = sourcecode.swift; path = BoxOfficeBackGroundView.swift; sourceTree = "<group>"; };
		3D2655BE27CFCE7E00BD72DB /* BoxOfficeBackGroundViewModel.swift */ = {isa = PBXFileReference; lastKnownFileType = sourcecode.swift; path = BoxOfficeBackGroundViewModel.swift; sourceTree = "<group>"; };
		3D43BCE427B4C70700DA7C00 /* 3_WhySubject.playground */ = {isa = PBXFileReference; lastKnownFileType = file.playground; path = 3_WhySubject.playground; sourceTree = "<group>"; xcLanguageSpecificationIdentifier = xcode.lang.swift; };
		3D54042427B1686F00BBD3F0 /* 2_BehaviorSubject.playground */ = {isa = PBXFileReference; lastKnownFileType = file.playground; path = 2_BehaviorSubject.playground; sourceTree = "<group>"; xcLanguageSpecificationIdentifier = xcode.lang.swift; };
		3D640DB027B93A29001F9E85 /* 6_Relay.playground */ = {isa = PBXFileReference; lastKnownFileType = file.playground; path = 6_Relay.playground; sourceTree = "<group>"; xcLanguageSpecificationIdentifier = xcode.lang.swift; };
		3D643FDF27BBDA81009FFC35 /* 8_Operator_Filter.playground */ = {isa = PBXFileReference; lastKnownFileType = file.playground; path = 8_Operator_Filter.playground; sourceTree = "<group>"; xcLanguageSpecificationIdentifier = xcode.lang.swift; };
		3D643FE027BD1EF5009FFC35 /* 9_Operator_Transforming.playground */ = {isa = PBXFileReference; lastKnownFileType = file.playground; path = 9_Operator_Transforming.playground; sourceTree = "<group>"; xcLanguageSpecificationIdentifier = xcode.lang.swift; };
		3D643FE127BE7C38009FFC35 /* 10_Operator_Combine.playground */ = {isa = PBXFileReference; lastKnownFileType = file.playground; path = 10_Operator_Combine.playground; sourceTree = "<group>"; xcLanguageSpecificationIdentifier = xcode.lang.swift; };
		3D6F485627C12FE600C7B4FE /* 11_ErrorHandling.playground */ = {isa = PBXFileReference; lastKnownFileType = file.playground; path = 11_ErrorHandling.playground; sourceTree = "<group>"; xcLanguageSpecificationIdentifier = xcode.lang.swift; };
		3D6F485827C3A94100C7B4FE /* BindingVC.swift */ = {isa = PBXFileReference; lastKnownFileType = sourcecode.swift; path = BindingVC.swift; sourceTree = "<group>"; };
		3D6F485D27C5068C00C7B4FE /* DriverVC.swift */ = {isa = PBXFileReference; lastKnownFileType = sourcecode.swift; path = DriverVC.swift; sourceTree = "<group>"; };
		3D6F486027C60FE800C7B4FE /* CrossfitMovements.swift */ = {isa = PBXFileReference; lastKnownFileType = sourcecode.swift; path = CrossfitMovements.swift; sourceTree = "<group>"; };
		3D6F486327C612FF00C7B4FE /* CrossfitWods.swift */ = {isa = PBXFileReference; lastKnownFileType = sourcecode.swift; path = CrossfitWods.swift; sourceTree = "<group>"; };
		3D6F486627C6157100C7B4FE /* RXTableViewVC.swift */ = {isa = PBXFileReference; lastKnownFileType = sourcecode.swift; path = RXTableViewVC.swift; sourceTree = "<group>"; };
		3D6F486927C617D700C7B4FE /* RXTableViewCell.swift */ = {isa = PBXFileReference; lastKnownFileType = sourcecode.swift; path = RXTableViewCell.swift; sourceTree = "<group>"; };
		3D6F486C27C6391F00C7B4FE /* ActionType.swift */ = {isa = PBXFileReference; lastKnownFileType = sourcecode.swift; path = ActionType.swift; sourceTree = "<group>"; };
		3D6F486F27C6394900C7B4FE /* UIViewController.swift */ = {isa = PBXFileReference; lastKnownFileType = sourcecode.swift; path = UIViewController.swift; sourceTree = "<group>"; };
		3D70FEF527C8B693009C4872 /* ColorWidth.swift */ = {isa = PBXFileReference; lastKnownFileType = sourcecode.swift; path = ColorWidth.swift; sourceTree = "<group>"; };
		3D70FEF727C8F8F8009C4872 /* UITextField+Rx.swift */ = {isa = PBXFileReference; lastKnownFileType = sourcecode.swift; path = "UITextField+Rx.swift"; sourceTree = "<group>"; };
		3DA9259A27B00762005405A1 /* RxSwiftTIL.app */ = {isa = PBXFileReference; explicitFileType = wrapper.application; includeInIndex = 0; path = RxSwiftTIL.app; sourceTree = BUILT_PRODUCTS_DIR; };
		3DA9259D27B00762005405A1 /* AppDelegate.swift */ = {isa = PBXFileReference; lastKnownFileType = sourcecode.swift; path = AppDelegate.swift; sourceTree = "<group>"; };
		3DA9259F27B00762005405A1 /* SceneDelegate.swift */ = {isa = PBXFileReference; lastKnownFileType = sourcecode.swift; path = SceneDelegate.swift; sourceTree = "<group>"; };
		3DA925A627B00763005405A1 /* Assets.xcassets */ = {isa = PBXFileReference; lastKnownFileType = folder.assetcatalog; path = Assets.xcassets; sourceTree = "<group>"; };
		3DA925A927B00763005405A1 /* Base */ = {isa = PBXFileReference; lastKnownFileType = file.storyboard; name = Base; path = Base.lproj/LaunchScreen.storyboard; sourceTree = "<group>"; };
		3DA925AB27B00763005405A1 /* Info.plist */ = {isa = PBXFileReference; lastKnownFileType = text.plist.xml; path = Info.plist; sourceTree = "<group>"; };
		3DA925BA27B007FC005405A1 /* 0_CreateObservable.playground */ = {isa = PBXFileReference; lastKnownFileType = file.playground; path = 0_CreateObservable.playground; sourceTree = "<group>"; xcLanguageSpecificationIdentifier = xcode.lang.swift; };
		3DA925BB27B00D50005405A1 /* 1_PublishSubject.playground */ = {isa = PBXFileReference; lastKnownFileType = file.playground; path = 1_PublishSubject.playground; sourceTree = "<group>"; xcLanguageSpecificationIdentifier = xcode.lang.swift; };
		3DBBEBDA27B7808C00AA2E1F /* 5_AsyncSubject.playground */ = {isa = PBXFileReference; lastKnownFileType = file.playground; path = 5_AsyncSubject.playground; sourceTree = "<group>"; xcLanguageSpecificationIdentifier = xcode.lang.swift; };
		3DE2DEC227CB9559002624B3 /* BoxOfficeVC.swift */ = {isa = PBXFileReference; lastKnownFileType = sourcecode.swift; path = BoxOfficeVC.swift; sourceTree = "<group>"; };
		3DE2DEC427CB95C0002624B3 /* BoxOfficeResponse.swift */ = {isa = PBXFileReference; lastKnownFileType = sourcecode.swift; path = BoxOfficeResponse.swift; sourceTree = "<group>"; };
		3DE2DEC727CB98DC002624B3 /* BoxOfficeNetwork.swift */ = {isa = PBXFileReference; lastKnownFileType = sourcecode.swift; path = BoxOfficeNetwork.swift; sourceTree = "<group>"; };
		3DE2DEC927CB9931002624B3 /* BoxOfficeAPI.swift */ = {isa = PBXFileReference; lastKnownFileType = sourcecode.swift; path = BoxOfficeAPI.swift; sourceTree = "<group>"; };
		3DE2DECC27CB9A2C002624B3 /* Secret.swift */ = {isa = PBXFileReference; lastKnownFileType = sourcecode.swift; path = Secret.swift; sourceTree = "<group>"; };
		3DE2DED327CBEC21002624B3 /* BoxOfficeTableViewCell.swift */ = {isa = PBXFileReference; lastKnownFileType = sourcecode.swift; path = BoxOfficeTableViewCell.swift; sourceTree = "<group>"; };
		3DE2DED727CBF184002624B3 /* BoxOfficeViewModel.swift */ = {isa = PBXFileReference; lastKnownFileType = sourcecode.swift; path = BoxOfficeViewModel.swift; sourceTree = "<group>"; };
		3DE2DED927CF50FE002624B3 /* BoxOfficeModel.swift */ = {isa = PBXFileReference; lastKnownFileType = sourcecode.swift; path = BoxOfficeModel.swift; sourceTree = "<group>"; };
		3DFFDAAE27B2B99E002ACF3A /* a_ObserverPattern.playground */ = {isa = PBXFileReference; lastKnownFileType = file.playground; path = a_ObserverPattern.playground; sourceTree = "<group>"; xcLanguageSpecificationIdentifier = xcode.lang.swift; };
		3DFFDAAF27B3C17D002ACF3A /* a_WhyRx0.playground */ = {isa = PBXFileReference; lastKnownFileType = file.playground; path = a_WhyRx0.playground; sourceTree = "<group>"; xcLanguageSpecificationIdentifier = xcode.lang.swift; };
		3F9818D119F8D0F613F91514 /* Pods-RxSwiftTIL.debug.xcconfig */ = {isa = PBXFileReference; includeInIndex = 1; lastKnownFileType = text.xcconfig; name = "Pods-RxSwiftTIL.debug.xcconfig"; path = "Target Support Files/Pods-RxSwiftTIL/Pods-RxSwiftTIL.debug.xcconfig"; sourceTree = "<group>"; };
/* End PBXFileReference section */

/* Begin PBXFrameworksBuildPhase section */
		3DA9259727B00762005405A1 /* Frameworks */ = {
			isa = PBXFrameworksBuildPhase;
			buildActionMask = 2147483647;
			files = (
				3D33642D27EE111400FA721B /* RxCocoa in Frameworks */,
				432465AC7654B71C31E748AF /* Pods_RxSwiftTIL.framework in Frameworks */,
				3D33642F27EE111400FA721B /* RxSwift in Frameworks */,
				3D33642A27EE10B300FA721B /* SnapKit in Frameworks */,
			);
			runOnlyForDeploymentPostprocessing = 0;
		};
/* End PBXFrameworksBuildPhase section */

/* Begin PBXGroup section */
		3D2655BB27CFCDE500BD72DB /* View */ = {
			isa = PBXGroup;
			children = (
				3D2655BC27CFCE0100BD72DB /* BoxOfficeBackGroundView.swift */,
			);
			path = View;
			sourceTree = "<group>";
		};
		3D6F485F27C60FC000C7B4FE /* Model */ = {
			isa = PBXGroup;
			children = (
				3D6F486027C60FE800C7B4FE /* CrossfitMovements.swift */,
				3D6F486C27C6391F00C7B4FE /* ActionType.swift */,
				3D70FEF527C8B693009C4872 /* ColorWidth.swift */,
				3DE2DEC427CB95C0002624B3 /* BoxOfficeResponse.swift */,
				3DE2DED927CF50FE002624B3 /* BoxOfficeModel.swift */,
			);
			path = Model;
			sourceTree = "<group>";
		};
		3D6F486227C612EC00C7B4FE /* DummyData */ = {
			isa = PBXGroup;
			children = (
				3D6F486327C612FF00C7B4FE /* CrossfitWods.swift */,
			);
			path = DummyData;
			sourceTree = "<group>";
		};
		3D6F486527C6156000C7B4FE /* ApplyRxCocoa */ = {
			isa = PBXGroup;
			children = (
				3D6F486627C6157100C7B4FE /* RXTableViewVC.swift */,
			);
			path = ApplyRxCocoa;
			sourceTree = "<group>";
		};
		3D6F486827C617C200C7B4FE /* Cell */ = {
			isa = PBXGroup;
			children = (
				3D6F486927C617D700C7B4FE /* RXTableViewCell.swift */,
				3DE2DED327CBEC21002624B3 /* BoxOfficeTableViewCell.swift */,
			);
			path = Cell;
			sourceTree = "<group>";
		};
		3D6F486E27C6393E00C7B4FE /* Extension */ = {
			isa = PBXGroup;
			children = (
				3D6F486F27C6394900C7B4FE /* UIViewController.swift */,
				3D70FEF727C8F8F8009C4872 /* UITextField+Rx.swift */,
			);
			path = Extension;
			sourceTree = "<group>";
		};
		3DA9259127B00762005405A1 = {
			isa = PBXGroup;
			children = (
				3D6F485627C12FE600C7B4FE /* 11_ErrorHandling.playground */,
				3D643FE127BE7C38009FFC35 /* 10_Operator_Combine.playground */,
				3D643FE027BD1EF5009FFC35 /* 9_Operator_Transforming.playground */,
				3D643FDF27BBDA81009FFC35 /* 8_Operator_Filter.playground */,
				3D1D652127BA7C3B00B04B08 /* 7_Operator_Create.playground */,
				3D640DB027B93A29001F9E85 /* 6_Relay.playground */,
				3DBBEBDA27B7808C00AA2E1F /* 5_AsyncSubject.playground */,
				3D0AAC1027B627F400F6DFE3 /* 4_ReplaySubject.playground */,
				3D43BCE427B4C70700DA7C00 /* 3_WhySubject.playground */,
				3DFFDAAF27B3C17D002ACF3A /* a_WhyRx0.playground */,
				3DFFDAAE27B2B99E002ACF3A /* a_ObserverPattern.playground */,
				3D54042427B1686F00BBD3F0 /* 2_BehaviorSubject.playground */,
				3DA925BB27B00D50005405A1 /* 1_PublishSubject.playground */,
				3DA925BA27B007FC005405A1 /* 0_CreateObservable.playground */,
				3DA9259C27B00762005405A1 /* RxSwiftTIL */,
				3DA9259B27B00762005405A1 /* Products */,
				BB8584F64D97C635AF1C8621 /* Pods */,
				834BBCDA22996FA1BDBB36D6 /* Frameworks */,
			);
			sourceTree = "<group>";
		};
		3DA9259B27B00762005405A1 /* Products */ = {
			isa = PBXGroup;
			children = (
				3DA9259A27B00762005405A1 /* RxSwiftTIL.app */,
			);
			name = Products;
			sourceTree = "<group>";
		};
		3DA9259C27B00762005405A1 /* RxSwiftTIL */ = {
			isa = PBXGroup;
			children = (
				3D2655BB27CFCDE500BD72DB /* View */,
				3DE2DED027CB9C9F002624B3 /* ViewModel */,
				3DE2DECB27CB9A0B002624B3 /* Secret */,
				3DE2DEC627CB98C3002624B3 /* Network */,
				3D6F486E27C6393E00C7B4FE /* Extension */,
				3D6F486827C617C200C7B4FE /* Cell */,
				3D6F486527C6156000C7B4FE /* ApplyRxCocoa */,
				3D6F486227C612EC00C7B4FE /* DummyData */,
				3D6F485F27C60FC000C7B4FE /* Model */,
				3DA9259D27B00762005405A1 /* AppDelegate.swift */,
				3DA9259F27B00762005405A1 /* SceneDelegate.swift */,
				3DA925A627B00763005405A1 /* Assets.xcassets */,
				3DA925A827B00763005405A1 /* LaunchScreen.storyboard */,
				3DA925AB27B00763005405A1 /* Info.plist */,
				3D6F485827C3A94100C7B4FE /* BindingVC.swift */,
				3D6F485D27C5068C00C7B4FE /* DriverVC.swift */,
				3DE2DEC227CB9559002624B3 /* BoxOfficeVC.swift */,
			);
			path = RxSwiftTIL;
			sourceTree = "<group>";
		};
		3DE2DEC627CB98C3002624B3 /* Network */ = {
			isa = PBXGroup;
			children = (
				3DE2DEC727CB98DC002624B3 /* BoxOfficeNetwork.swift */,
				3DE2DEC927CB9931002624B3 /* BoxOfficeAPI.swift */,
			);
			path = Network;
			sourceTree = "<group>";
		};
		3DE2DECB27CB9A0B002624B3 /* Secret */ = {
			isa = PBXGroup;
			children = (
				3DE2DECC27CB9A2C002624B3 /* Secret.swift */,
			);
			path = Secret;
			sourceTree = "<group>";
		};
		3DE2DED027CB9C9F002624B3 /* ViewModel */ = {
			isa = PBXGroup;
			children = (
				3DE2DED727CBF184002624B3 /* BoxOfficeViewModel.swift */,
				3D2655BE27CFCE7E00BD72DB /* BoxOfficeBackGroundViewModel.swift */,
			);
			path = ViewModel;
			sourceTree = "<group>";
		};
		834BBCDA22996FA1BDBB36D6 /* Frameworks */ = {
			isa = PBXGroup;
			children = (
				17E413A40D6989DC27FFF759 /* Pods_RxSwiftTIL.framework */,
			);
			name = Frameworks;
			sourceTree = "<group>";
		};
		BB8584F64D97C635AF1C8621 /* Pods */ = {
			isa = PBXGroup;
			children = (
				3F9818D119F8D0F613F91514 /* Pods-RxSwiftTIL.debug.xcconfig */,
				3305E5EDBFD539AD0F295102 /* Pods-RxSwiftTIL.release.xcconfig */,
			);
			path = Pods;
			sourceTree = "<group>";
		};
/* End PBXGroup section */

/* Begin PBXNativeTarget section */
		3DA9259927B00762005405A1 /* RxSwiftTIL */ = {
			isa = PBXNativeTarget;
			buildConfigurationList = 3DA925AE27B00763005405A1 /* Build configuration list for PBXNativeTarget "RxSwiftTIL" */;
			buildPhases = (
				0F08588E57C60D84C1FB9A11 /* [CP] Check Pods Manifest.lock */,
				3DA9259627B00762005405A1 /* Sources */,
				3DA9259727B00762005405A1 /* Frameworks */,
				3DA9259827B00762005405A1 /* Resources */,
				4307922FA8BB464E94D321EC /* [CP] Embed Pods Frameworks */,
			);
			buildRules = (
			);
			dependencies = (
			);
			name = RxSwiftTIL;
			packageProductDependencies = (
				3D33642927EE10B300FA721B /* SnapKit */,
				3D33642C27EE111400FA721B /* RxCocoa */,
				3D33642E27EE111400FA721B /* RxSwift */,
			);
			productName = RxSwiftTIL;
			productReference = 3DA9259A27B00762005405A1 /* RxSwiftTIL.app */;
			productType = "com.apple.product-type.application";
		};
/* End PBXNativeTarget section */

/* Begin PBXProject section */
		3DA9259227B00762005405A1 /* Project object */ = {
			isa = PBXProject;
			attributes = {
				BuildIndependentTargetsInParallel = 1;
				LastSwiftUpdateCheck = 1320;
				LastUpgradeCheck = 1320;
				TargetAttributes = {
					3DA9259927B00762005405A1 = {
						CreatedOnToolsVersion = 13.2.1;
					};
				};
			};
			buildConfigurationList = 3DA9259527B00762005405A1 /* Build configuration list for PBXProject "RxSwiftTIL" */;
			compatibilityVersion = "Xcode 13.0";
			developmentRegion = en;
			hasScannedForEncodings = 0;
			knownRegions = (
				en,
				Base,
			);
			mainGroup = 3DA9259127B00762005405A1;
			packageReferences = (
				3D8A4F4F27B2397300707A29 /* XCRemoteSwiftPackageReference "RxSwift" */,
				3D6F485A27C3AA4600C7B4FE /* XCRemoteSwiftPackageReference "SnapKit" */,
				3D33642827EE10B300FA721B /* XCRemoteSwiftPackageReference "SnapKit" */,
				3D33642B27EE111400FA721B /* XCRemoteSwiftPackageReference "RxSwift" */,
			);
			productRefGroup = 3DA9259B27B00762005405A1 /* Products */;
			projectDirPath = "";
			projectRoot = "";
			targets = (
				3DA9259927B00762005405A1 /* RxSwiftTIL */,
			);
		};
/* End PBXProject section */

/* Begin PBXResourcesBuildPhase section */
		3DA9259827B00762005405A1 /* Resources */ = {
			isa = PBXResourcesBuildPhase;
			buildActionMask = 2147483647;
			files = (
				3DA925AA27B00763005405A1 /* LaunchScreen.storyboard in Resources */,
				3DA925A727B00763005405A1 /* Assets.xcassets in Resources */,
			);
			runOnlyForDeploymentPostprocessing = 0;
		};
/* End PBXResourcesBuildPhase section */

/* Begin PBXShellScriptBuildPhase section */
		0F08588E57C60D84C1FB9A11 /* [CP] Check Pods Manifest.lock */ = {
			isa = PBXShellScriptBuildPhase;
			buildActionMask = 2147483647;
			files = (
			);
			inputFileListPaths = (
			);
			inputPaths = (
				"${PODS_PODFILE_DIR_PATH}/Podfile.lock",
				"${PODS_ROOT}/Manifest.lock",
			);
			name = "[CP] Check Pods Manifest.lock";
			outputFileListPaths = (
			);
			outputPaths = (
				"$(DERIVED_FILE_DIR)/Pods-RxSwiftTIL-checkManifestLockResult.txt",
			);
			runOnlyForDeploymentPostprocessing = 0;
			shellPath = /bin/sh;
			shellScript = "diff \"${PODS_PODFILE_DIR_PATH}/Podfile.lock\" \"${PODS_ROOT}/Manifest.lock\" > /dev/null\nif [ $? != 0 ] ; then\n    # print error to STDERR\n    echo \"error: The sandbox is not in sync with the Podfile.lock. Run 'pod install' or update your CocoaPods installation.\" >&2\n    exit 1\nfi\n# This output is used by Xcode 'outputs' to avoid re-running this script phase.\necho \"SUCCESS\" > \"${SCRIPT_OUTPUT_FILE_0}\"\n";
			showEnvVarsInLog = 0;
		};
		4307922FA8BB464E94D321EC /* [CP] Embed Pods Frameworks */ = {
			isa = PBXShellScriptBuildPhase;
			buildActionMask = 2147483647;
			files = (
			);
			inputFileListPaths = (
				"${PODS_ROOT}/Target Support Files/Pods-RxSwiftTIL/Pods-RxSwiftTIL-frameworks-${CONFIGURATION}-input-files.xcfilelist",
			);
			name = "[CP] Embed Pods Frameworks";
			outputFileListPaths = (
				"${PODS_ROOT}/Target Support Files/Pods-RxSwiftTIL/Pods-RxSwiftTIL-frameworks-${CONFIGURATION}-output-files.xcfilelist",
			);
			runOnlyForDeploymentPostprocessing = 0;
			shellPath = /bin/sh;
			shellScript = "\"${PODS_ROOT}/Target Support Files/Pods-RxSwiftTIL/Pods-RxSwiftTIL-frameworks.sh\"\n";
			showEnvVarsInLog = 0;
		};
/* End PBXShellScriptBuildPhase section */

/* Begin PBXSourcesBuildPhase section */
		3DA9259627B00762005405A1 /* Sources */ = {
			isa = PBXSourcesBuildPhase;
			buildActionMask = 2147483647;
			files = (
				3D2655BD27CFCE0100BD72DB /* BoxOfficeBackGroundView.swift in Sources */,
				3DE2DED827CBF184002624B3 /* BoxOfficeViewModel.swift in Sources */,
				3D2655BF27CFCE7E00BD72DB /* BoxOfficeBackGroundViewModel.swift in Sources */,
				3DE2DEC527CB95C0002624B3 /* BoxOfficeResponse.swift in Sources */,
				3D6F485E27C5068D00C7B4FE /* DriverVC.swift in Sources */,
				3DE2DEDA27CF50FE002624B3 /* BoxOfficeModel.swift in Sources */,
				3D6F486727C6157100C7B4FE /* RXTableViewVC.swift in Sources */,
				3D70FEF627C8B693009C4872 /* ColorWidth.swift in Sources */,
				3D6F485927C3A94100C7B4FE /* BindingVC.swift in Sources */,
				3DE2DED427CBEC21002624B3 /* BoxOfficeTableViewCell.swift in Sources */,
				3DE2DEC327CB9559002624B3 /* BoxOfficeVC.swift in Sources */,
				3D70FEF827C8F8F8009C4872 /* UITextField+Rx.swift in Sources */,
				3DE2DECD27CB9A2C002624B3 /* Secret.swift in Sources */,
				3D6F487027C6394900C7B4FE /* UIViewController.swift in Sources */,
				3DE2DEC827CB98DC002624B3 /* BoxOfficeNetwork.swift in Sources */,
				3DA9259E27B00762005405A1 /* AppDelegate.swift in Sources */,
				3DA925A027B00762005405A1 /* SceneDelegate.swift in Sources */,
				3D6F486A27C617D700C7B4FE /* RXTableViewCell.swift in Sources */,
				3DE2DECA27CB9931002624B3 /* BoxOfficeAPI.swift in Sources */,
				3D6F486D27C6391F00C7B4FE /* ActionType.swift in Sources */,
				3D6F486427C612FF00C7B4FE /* CrossfitWods.swift in Sources */,
				3D6F486127C60FE800C7B4FE /* CrossfitMovements.swift in Sources */,
			);
			runOnlyForDeploymentPostprocessing = 0;
		};
/* End PBXSourcesBuildPhase section */

/* Begin PBXVariantGroup section */
		3DA925A827B00763005405A1 /* LaunchScreen.storyboard */ = {
			isa = PBXVariantGroup;
			children = (
				3DA925A927B00763005405A1 /* Base */,
			);
			name = LaunchScreen.storyboard;
			sourceTree = "<group>";
		};
/* End PBXVariantGroup section */

/* Begin XCBuildConfiguration section */
		3DA925AC27B00763005405A1 /* Debug */ = {
			isa = XCBuildConfiguration;
			buildSettings = {
				ALWAYS_SEARCH_USER_PATHS = NO;
				CLANG_ANALYZER_NONNULL = YES;
				CLANG_ANALYZER_NUMBER_OBJECT_CONVERSION = YES_AGGRESSIVE;
				CLANG_CXX_LANGUAGE_STANDARD = "gnu++17";
				CLANG_CXX_LIBRARY = "libc++";
				CLANG_ENABLE_MODULES = YES;
				CLANG_ENABLE_OBJC_ARC = YES;
				CLANG_ENABLE_OBJC_WEAK = YES;
				CLANG_WARN_BLOCK_CAPTURE_AUTORELEASING = YES;
				CLANG_WARN_BOOL_CONVERSION = YES;
				CLANG_WARN_COMMA = YES;
				CLANG_WARN_CONSTANT_CONVERSION = YES;
				CLANG_WARN_DEPRECATED_OBJC_IMPLEMENTATIONS = YES;
				CLANG_WARN_DIRECT_OBJC_ISA_USAGE = YES_ERROR;
				CLANG_WARN_DOCUMENTATION_COMMENTS = YES;
				CLANG_WARN_EMPTY_BODY = YES;
				CLANG_WARN_ENUM_CONVERSION = YES;
				CLANG_WARN_INFINITE_RECURSION = YES;
				CLANG_WARN_INT_CONVERSION = YES;
				CLANG_WARN_NON_LITERAL_NULL_CONVERSION = YES;
				CLANG_WARN_OBJC_IMPLICIT_RETAIN_SELF = YES;
				CLANG_WARN_OBJC_LITERAL_CONVERSION = YES;
				CLANG_WARN_OBJC_ROOT_CLASS = YES_ERROR;
				CLANG_WARN_QUOTED_INCLUDE_IN_FRAMEWORK_HEADER = YES;
				CLANG_WARN_RANGE_LOOP_ANALYSIS = YES;
				CLANG_WARN_STRICT_PROTOTYPES = YES;
				CLANG_WARN_SUSPICIOUS_MOVE = YES;
				CLANG_WARN_UNGUARDED_AVAILABILITY = YES_AGGRESSIVE;
				CLANG_WARN_UNREACHABLE_CODE = YES;
				CLANG_WARN__DUPLICATE_METHOD_MATCH = YES;
				COPY_PHASE_STRIP = NO;
				DEBUG_INFORMATION_FORMAT = dwarf;
				ENABLE_STRICT_OBJC_MSGSEND = YES;
				ENABLE_TESTABILITY = YES;
				GCC_C_LANGUAGE_STANDARD = gnu11;
				GCC_DYNAMIC_NO_PIC = NO;
				GCC_NO_COMMON_BLOCKS = YES;
				GCC_OPTIMIZATION_LEVEL = 0;
				GCC_PREPROCESSOR_DEFINITIONS = (
					"DEBUG=1",
					"$(inherited)",
				);
				GCC_WARN_64_TO_32_BIT_CONVERSION = YES;
				GCC_WARN_ABOUT_RETURN_TYPE = YES_ERROR;
				GCC_WARN_UNDECLARED_SELECTOR = YES;
				GCC_WARN_UNINITIALIZED_AUTOS = YES_AGGRESSIVE;
				GCC_WARN_UNUSED_FUNCTION = YES;
				GCC_WARN_UNUSED_VARIABLE = YES;
				IPHONEOS_DEPLOYMENT_TARGET = 15.2;
				MTL_ENABLE_DEBUG_INFO = INCLUDE_SOURCE;
				MTL_FAST_MATH = YES;
				ONLY_ACTIVE_ARCH = YES;
				SDKROOT = iphoneos;
				SWIFT_ACTIVE_COMPILATION_CONDITIONS = DEBUG;
				SWIFT_OPTIMIZATION_LEVEL = "-Onone";
			};
			name = Debug;
		};
		3DA925AD27B00763005405A1 /* Release */ = {
			isa = XCBuildConfiguration;
			buildSettings = {
				ALWAYS_SEARCH_USER_PATHS = NO;
				CLANG_ANALYZER_NONNULL = YES;
				CLANG_ANALYZER_NUMBER_OBJECT_CONVERSION = YES_AGGRESSIVE;
				CLANG_CXX_LANGUAGE_STANDARD = "gnu++17";
				CLANG_CXX_LIBRARY = "libc++";
				CLANG_ENABLE_MODULES = YES;
				CLANG_ENABLE_OBJC_ARC = YES;
				CLANG_ENABLE_OBJC_WEAK = YES;
				CLANG_WARN_BLOCK_CAPTURE_AUTORELEASING = YES;
				CLANG_WARN_BOOL_CONVERSION = YES;
				CLANG_WARN_COMMA = YES;
				CLANG_WARN_CONSTANT_CONVERSION = YES;
				CLANG_WARN_DEPRECATED_OBJC_IMPLEMENTATIONS = YES;
				CLANG_WARN_DIRECT_OBJC_ISA_USAGE = YES_ERROR;
				CLANG_WARN_DOCUMENTATION_COMMENTS = YES;
				CLANG_WARN_EMPTY_BODY = YES;
				CLANG_WARN_ENUM_CONVERSION = YES;
				CLANG_WARN_INFINITE_RECURSION = YES;
				CLANG_WARN_INT_CONVERSION = YES;
				CLANG_WARN_NON_LITERAL_NULL_CONVERSION = YES;
				CLANG_WARN_OBJC_IMPLICIT_RETAIN_SELF = YES;
				CLANG_WARN_OBJC_LITERAL_CONVERSION = YES;
				CLANG_WARN_OBJC_ROOT_CLASS = YES_ERROR;
				CLANG_WARN_QUOTED_INCLUDE_IN_FRAMEWORK_HEADER = YES;
				CLANG_WARN_RANGE_LOOP_ANALYSIS = YES;
				CLANG_WARN_STRICT_PROTOTYPES = YES;
				CLANG_WARN_SUSPICIOUS_MOVE = YES;
				CLANG_WARN_UNGUARDED_AVAILABILITY = YES_AGGRESSIVE;
				CLANG_WARN_UNREACHABLE_CODE = YES;
				CLANG_WARN__DUPLICATE_METHOD_MATCH = YES;
				COPY_PHASE_STRIP = NO;
				DEBUG_INFORMATION_FORMAT = "dwarf-with-dsym";
				ENABLE_NS_ASSERTIONS = NO;
				ENABLE_STRICT_OBJC_MSGSEND = YES;
				GCC_C_LANGUAGE_STANDARD = gnu11;
				GCC_NO_COMMON_BLOCKS = YES;
				GCC_WARN_64_TO_32_BIT_CONVERSION = YES;
				GCC_WARN_ABOUT_RETURN_TYPE = YES_ERROR;
				GCC_WARN_UNDECLARED_SELECTOR = YES;
				GCC_WARN_UNINITIALIZED_AUTOS = YES_AGGRESSIVE;
				GCC_WARN_UNUSED_FUNCTION = YES;
				GCC_WARN_UNUSED_VARIABLE = YES;
				IPHONEOS_DEPLOYMENT_TARGET = 15.2;
				MTL_ENABLE_DEBUG_INFO = NO;
				MTL_FAST_MATH = YES;
				SDKROOT = iphoneos;
				SWIFT_COMPILATION_MODE = wholemodule;
				SWIFT_OPTIMIZATION_LEVEL = "-O";
				VALIDATE_PRODUCT = YES;
			};
			name = Release;
		};
		3DA925AF27B00763005405A1 /* Debug */ = {
			isa = XCBuildConfiguration;
			baseConfigurationReference = 3F9818D119F8D0F613F91514 /* Pods-RxSwiftTIL.debug.xcconfig */;
			buildSettings = {
				ASSETCATALOG_COMPILER_APPICON_NAME = AppIcon;
				ASSETCATALOG_COMPILER_GLOBAL_ACCENT_COLOR_NAME = AccentColor;
				CODE_SIGN_STYLE = Automatic;
				CURRENT_PROJECT_VERSION = 1;
				DEVELOPMENT_TEAM = GLQQLN3R4U;
				GENERATE_INFOPLIST_FILE = YES;
				INFOPLIST_FILE = RxSwiftTIL/Info.plist;
				INFOPLIST_KEY_UIApplicationSupportsIndirectInputEvents = YES;
				INFOPLIST_KEY_UILaunchStoryboardName = LaunchScreen;
				INFOPLIST_KEY_UISupportedInterfaceOrientations_iPad = "UIInterfaceOrientationPortrait UIInterfaceOrientationPortraitUpsideDown UIInterfaceOrientationLandscapeLeft UIInterfaceOrientationLandscapeRight";
				INFOPLIST_KEY_UISupportedInterfaceOrientations_iPhone = "UIInterfaceOrientationPortrait UIInterfaceOrientationLandscapeLeft UIInterfaceOrientationLandscapeRight";
				LD_RUNPATH_SEARCH_PATHS = (
					"$(inherited)",
					"@executable_path/Frameworks",
				);
				MARKETING_VERSION = 1.0;
				PRODUCT_BUNDLE_IDENTIFIER = "com.miori.dev-ios-RxSwift.RxSwiftTIL";
				PRODUCT_NAME = "$(TARGET_NAME)";
				SWIFT_EMIT_LOC_STRINGS = YES;
				SWIFT_VERSION = 5.0;
				TARGETED_DEVICE_FAMILY = "1,2";
			};
			name = Debug;
		};
		3DA925B027B00763005405A1 /* Release */ = {
			isa = XCBuildConfiguration;
			baseConfigurationReference = 3305E5EDBFD539AD0F295102 /* Pods-RxSwiftTIL.release.xcconfig */;
			buildSettings = {
				ASSETCATALOG_COMPILER_APPICON_NAME = AppIcon;
				ASSETCATALOG_COMPILER_GLOBAL_ACCENT_COLOR_NAME = AccentColor;
				CODE_SIGN_STYLE = Automatic;
				CURRENT_PROJECT_VERSION = 1;
				DEVELOPMENT_TEAM = GLQQLN3R4U;
				GENERATE_INFOPLIST_FILE = YES;
				INFOPLIST_FILE = RxSwiftTIL/Info.plist;
				INFOPLIST_KEY_UIApplicationSupportsIndirectInputEvents = YES;
				INFOPLIST_KEY_UILaunchStoryboardName = LaunchScreen;
				INFOPLIST_KEY_UISupportedInterfaceOrientations_iPad = "UIInterfaceOrientationPortrait UIInterfaceOrientationPortraitUpsideDown UIInterfaceOrientationLandscapeLeft UIInterfaceOrientationLandscapeRight";
				INFOPLIST_KEY_UISupportedInterfaceOrientations_iPhone = "UIInterfaceOrientationPortrait UIInterfaceOrientationLandscapeLeft UIInterfaceOrientationLandscapeRight";
				LD_RUNPATH_SEARCH_PATHS = (
					"$(inherited)",
					"@executable_path/Frameworks",
				);
				MARKETING_VERSION = 1.0;
				PRODUCT_BUNDLE_IDENTIFIER = "com.miori.dev-ios-RxSwift.RxSwiftTIL";
				PRODUCT_NAME = "$(TARGET_NAME)";
				SWIFT_EMIT_LOC_STRINGS = YES;
				SWIFT_VERSION = 5.0;
				TARGETED_DEVICE_FAMILY = "1,2";
			};
			name = Release;
		};
/* End XCBuildConfiguration section */

/* Begin XCConfigurationList section */
		3DA9259527B00762005405A1 /* Build configuration list for PBXProject "RxSwiftTIL" */ = {
			isa = XCConfigurationList;
			buildConfigurations = (
				3DA925AC27B00763005405A1 /* Debug */,
				3DA925AD27B00763005405A1 /* Release */,
			);
			defaultConfigurationIsVisible = 0;
			defaultConfigurationName = Release;
		};
		3DA925AE27B00763005405A1 /* Build configuration list for PBXNativeTarget "RxSwiftTIL" */ = {
			isa = XCConfigurationList;
			buildConfigurations = (
				3DA925AF27B00763005405A1 /* Debug */,
				3DA925B027B00763005405A1 /* Release */,
			);
			defaultConfigurationIsVisible = 0;
			defaultConfigurationName = Release;
		};
/* End XCConfigurationList section */

/* Begin XCRemoteSwiftPackageReference section */
		3D33642827EE10B300FA721B /* XCRemoteSwiftPackageReference "SnapKit" */ = {
			isa = XCRemoteSwiftPackageReference;
			repositoryURL = "https://github.com/SnapKit/SnapKit.git";
			requirement = {
				kind = upToNextMajorVersion;
				minimumVersion = 5.0.1;
			};
		};
		3D33642B27EE111400FA721B /* XCRemoteSwiftPackageReference "RxSwift" */ = {
			isa = XCRemoteSwiftPackageReference;
			repositoryURL = "https://github.com/ReactiveX/RxSwift.git";
			requirement = {
				kind = exactVersion;
				version = 6.5.0;
			};
		};
		3D6F485A27C3AA4600C7B4FE /* XCRemoteSwiftPackageReference "SnapKit" */ = {
			isa = XCRemoteSwiftPackageReference;
			repositoryURL = "https://github.com/SnapKit/SnapKit.git";
			requirement = {
				kind = upToNextMajorVersion;
				minimumVersion = 5.0.0;
			};
		};
		3D8A4F4F27B2397300707A29 /* XCRemoteSwiftPackageReference "RxSwift" */ = {
			isa = XCRemoteSwiftPackageReference;
			repositoryURL = "https://github.com/ReactiveX/RxSwift.git";
			requirement = {
				kind = exactVersion;
				version = 6.5.0;
			};
		};
/* End XCRemoteSwiftPackageReference section */

/* Begin XCSwiftPackageProductDependency section */
		3D33642927EE10B300FA721B /* SnapKit */ = {
			isa = XCSwiftPackageProductDependency;
			package = 3D33642827EE10B300FA721B /* XCRemoteSwiftPackageReference "SnapKit" */;
			productName = SnapKit;
		};
		3D33642C27EE111400FA721B /* RxCocoa */ = {
			isa = XCSwiftPackageProductDependency;
			package = 3D8A4F4F27B2397300707A29 /* XCRemoteSwiftPackageReference "RxSwift" */;
			productName = RxCocoa;
		};
		3D33642E27EE111400FA721B /* RxSwift */ = {
			isa = XCSwiftPackageProductDependency;
			package = 3D8A4F4F27B2397300707A29 /* XCRemoteSwiftPackageReference "RxSwift" */;
			productName = RxSwift;
		};
/* End XCSwiftPackageProductDependency section */
	};
	rootObject = 3DA9259227B00762005405A1 /* Project object */;
}
