// !$*UTF8*$!
{
	archiveVersion = 1;
	classes = {
	};
	objectVersion = 55;
	objects = {

/* Begin PBXBuildFile section */
		3DA9259E27B00762005405A1 /* AppDelegate.swift in Sources */ = {isa = PBXBuildFile; fileRef = 3DA9259D27B00762005405A1 /* AppDelegate.swift */; };
		3DA925A027B00762005405A1 /* SceneDelegate.swift in Sources */ = {isa = PBXBuildFile; fileRef = 3DA9259F27B00762005405A1 /* SceneDelegate.swift */; };
		3DA925A227B00762005405A1 /* ViewController.swift in Sources */ = {isa = PBXBuildFile; fileRef = 3DA925A127B00762005405A1 /* ViewController.swift */; };
		3DA925A527B00762005405A1 /* Main.storyboard in Resources */ = {isa = PBXBuildFile; fileRef = 3DA925A327B00762005405A1 /* Main.storyboard */; };
		3DA925A727B00763005405A1 /* Assets.xcassets in Resources */ = {isa = PBXBuildFile; fileRef = 3DA925A627B00763005405A1 /* Assets.xcassets */; };
		3DA925AA27B00763005405A1 /* LaunchScreen.storyboard in Resources */ = {isa = PBXBuildFile; fileRef = 3DA925A827B00763005405A1 /* LaunchScreen.storyboard */; };
		3DA925B327B00784005405A1 /* RxCocoa in Frameworks */ = {isa = PBXBuildFile; productRef = 3DA925B227B00784005405A1 /* RxCocoa */; };
		3DA925B527B00784005405A1 /* RxRelay in Frameworks */ = {isa = PBXBuildFile; productRef = 3DA925B427B00784005405A1 /* RxRelay */; };
		3DA925B727B00784005405A1 /* RxSwift in Frameworks */ = {isa = PBXBuildFile; productRef = 3DA925B627B00784005405A1 /* RxSwift */; };
/* End PBXBuildFile section */

/* Begin PBXFileReference section */
		3DA9259A27B00762005405A1 /* RxSwiftTIL.app */ = {isa = PBXFileReference; explicitFileType = wrapper.application; includeInIndex = 0; path = RxSwiftTIL.app; sourceTree = BUILT_PRODUCTS_DIR; };
		3DA9259D27B00762005405A1 /* AppDelegate.swift */ = {isa = PBXFileReference; lastKnownFileType = sourcecode.swift; path = AppDelegate.swift; sourceTree = "<group>"; };
		3DA9259F27B00762005405A1 /* SceneDelegate.swift */ = {isa = PBXFileReference; lastKnownFileType = sourcecode.swift; path = SceneDelegate.swift; sourceTree = "<group>"; };
		3DA925A127B00762005405A1 /* ViewController.swift */ = {isa = PBXFileReference; lastKnownFileType = sourcecode.swift; path = ViewController.swift; sourceTree = "<group>"; };
		3DA925A427B00762005405A1 /* Base */ = {isa = PBXFileReference; lastKnownFileType = file.storyboard; name = Base; path = Base.lproj/Main.storyboard; sourceTree = "<group>"; };
		3DA925A627B00763005405A1 /* Assets.xcassets */ = {isa = PBXFileReference; lastKnownFileType = folder.assetcatalog; path = Assets.xcassets; sourceTree = "<group>"; };
		3DA925A927B00763005405A1 /* Base */ = {isa = PBXFileReference; lastKnownFileType = file.storyboard; name = Base; path = Base.lproj/LaunchScreen.storyboard; sourceTree = "<group>"; };
		3DA925AB27B00763005405A1 /* Info.plist */ = {isa = PBXFileReference; lastKnownFileType = text.plist.xml; path = Info.plist; sourceTree = "<group>"; };
		3DA925BA27B007FC005405A1 /* 0_CreateObservable.playground */ = {isa = PBXFileReference; lastKnownFileType = file.playground; path = 0_CreateObservable.playground; sourceTree = "<group>"; xcLanguageSpecificationIdentifier = xcode.lang.swift; };
		3DA925BB27B00D50005405A1 /* 1_Subject.playground */ = {isa = PBXFileReference; lastKnownFileType = file.playground; path = 1_Subject.playground; sourceTree = "<group>"; xcLanguageSpecificationIdentifier = xcode.lang.swift; };
/* End PBXFileReference section */

/* Begin PBXFrameworksBuildPhase section */
		3DA9259727B00762005405A1 /* Frameworks */ = {
			isa = PBXFrameworksBuildPhase;
			buildActionMask = 2147483647;
			files = (
				3DA925B727B00784005405A1 /* RxSwift in Frameworks */,
				3DA925B527B00784005405A1 /* RxRelay in Frameworks */,
				3DA925B327B00784005405A1 /* RxCocoa in Frameworks */,
			);
			runOnlyForDeploymentPostprocessing = 0;
		};
/* End PBXFrameworksBuildPhase section */

/* Begin PBXGroup section */
		3DA9259127B00762005405A1 = {
			isa = PBXGroup;
			children = (
				3DA925BB27B00D50005405A1 /* 1_Subject.playground */,
				3DA925BA27B007FC005405A1 /* 0_CreateObservable.playground */,
				3DA9259C27B00762005405A1 /* RxSwiftTIL */,
				3DA9259B27B00762005405A1 /* Products */,
			);
			sourceTree = "<group>";
		};
		3DA9259B27B00762005405A1 /* Products */ = {
			isa = PBXGroup;
			children = (
				3DA9259A27B00762005405A1 /* RxSwiftTIL.app */,
			);
			name = Products;
			sourceTree = "<group>";
		};
		3DA9259C27B00762005405A1 /* RxSwiftTIL */ = {
			isa = PBXGroup;
			children = (
				3DA9259D27B00762005405A1 /* AppDelegate.swift */,
				3DA9259F27B00762005405A1 /* SceneDelegate.swift */,
				3DA925A127B00762005405A1 /* ViewController.swift */,
				3DA925A327B00762005405A1 /* Main.storyboard */,
				3DA925A627B00763005405A1 /* Assets.xcassets */,
				3DA925A827B00763005405A1 /* LaunchScreen.storyboard */,
				3DA925AB27B00763005405A1 /* Info.plist */,
			);
			path = RxSwiftTIL;
			sourceTree = "<group>";
		};
/* End PBXGroup section */

/* Begin PBXNativeTarget section */
		3DA9259927B00762005405A1 /* RxSwiftTIL */ = {
			isa = PBXNativeTarget;
			buildConfigurationList = 3DA925AE27B00763005405A1 /* Build configuration list for PBXNativeTarget "RxSwiftTIL" */;
			buildPhases = (
				3DA9259627B00762005405A1 /* Sources */,
				3DA9259727B00762005405A1 /* Frameworks */,
				3DA9259827B00762005405A1 /* Resources */,
			);
			buildRules = (
			);
			dependencies = (
			);
			name = RxSwiftTIL;
			packageProductDependencies = (
				3DA925B227B00784005405A1 /* RxCocoa */,
				3DA925B427B00784005405A1 /* RxRelay */,
				3DA925B627B00784005405A1 /* RxSwift */,
			);
			productName = RxSwiftTIL;
			productReference = 3DA9259A27B00762005405A1 /* RxSwiftTIL.app */;
			productType = "com.apple.product-type.application";
		};
/* End PBXNativeTarget section */

/* Begin PBXProject section */
		3DA9259227B00762005405A1 /* Project object */ = {
			isa = PBXProject;
			attributes = {
				BuildIndependentTargetsInParallel = 1;
				LastSwiftUpdateCheck = 1320;
				LastUpgradeCheck = 1320;
				TargetAttributes = {
					3DA9259927B00762005405A1 = {
						CreatedOnToolsVersion = 13.2.1;
					};
				};
			};
			buildConfigurationList = 3DA9259527B00762005405A1 /* Build configuration list for PBXProject "RxSwiftTIL" */;
			compatibilityVersion = "Xcode 13.0";
			developmentRegion = en;
			hasScannedForEncodings = 0;
			knownRegions = (
				en,
				Base,
			);
			mainGroup = 3DA9259127B00762005405A1;
			packageReferences = (
				3DA925B127B00783005405A1 /* XCRemoteSwiftPackageReference "RxSwift" */,
			);
			productRefGroup = 3DA9259B27B00762005405A1 /* Products */;
			projectDirPath = "";
			projectRoot = "";
			targets = (
				3DA9259927B00762005405A1 /* RxSwiftTIL */,
			);
		};
/* End PBXProject section */

/* Begin PBXResourcesBuildPhase section */
		3DA9259827B00762005405A1 /* Resources */ = {
			isa = PBXResourcesBuildPhase;
			buildActionMask = 2147483647;
			files = (
				3DA925AA27B00763005405A1 /* LaunchScreen.storyboard in Resources */,
				3DA925A727B00763005405A1 /* Assets.xcassets in Resources */,
				3DA925A527B00762005405A1 /* Main.storyboard in Resources */,
			);
			runOnlyForDeploymentPostprocessing = 0;
		};
/* End PBXResourcesBuildPhase section */

/* Begin PBXSourcesBuildPhase section */
		3DA9259627B00762005405A1 /* Sources */ = {
			isa = PBXSourcesBuildPhase;
			buildActionMask = 2147483647;
			files = (
				3DA925A227B00762005405A1 /* ViewController.swift in Sources */,
				3DA9259E27B00762005405A1 /* AppDelegate.swift in Sources */,
				3DA925A027B00762005405A1 /* SceneDelegate.swift in Sources */,
			);
			runOnlyForDeploymentPostprocessing = 0;
		};
/* End PBXSourcesBuildPhase section */

/* Begin PBXVariantGroup section */
		3DA925A327B00762005405A1 /* Main.storyboard */ = {
			isa = PBXVariantGroup;
			children = (
				3DA925A427B00762005405A1 /* Base */,
			);
			name = Main.storyboard;
			sourceTree = "<group>";
		};
		3DA925A827B00763005405A1 /* LaunchScreen.storyboard */ = {
			isa = PBXVariantGroup;
			children = (
				3DA925A927B00763005405A1 /* Base */,
			);
			name = LaunchScreen.storyboard;
			sourceTree = "<group>";
		};
/* End PBXVariantGroup section */

/* Begin XCBuildConfiguration section */
		3DA925AC27B00763005405A1 /* Debug */ = {
			isa = XCBuildConfiguration;
			buildSettings = {
				ALWAYS_SEARCH_USER_PATHS = NO;
				CLANG_ANALYZER_NONNULL = YES;
				CLANG_ANALYZER_NUMBER_OBJECT_CONVERSION = YES_AGGRESSIVE;
				CLANG_CXX_LANGUAGE_STANDARD = "gnu++17";
				CLANG_CXX_LIBRARY = "libc++";
				CLANG_ENABLE_MODULES = YES;
				CLANG_ENABLE_OBJC_ARC = YES;
				CLANG_ENABLE_OBJC_WEAK = YES;
				CLANG_WARN_BLOCK_CAPTURE_AUTORELEASING = YES;
				CLANG_WARN_BOOL_CONVERSION = YES;
				CLANG_WARN_COMMA = YES;
				CLANG_WARN_CONSTANT_CONVERSION = YES;
				CLANG_WARN_DEPRECATED_OBJC_IMPLEMENTATIONS = YES;
				CLANG_WARN_DIRECT_OBJC_ISA_USAGE = YES_ERROR;
				CLANG_WARN_DOCUMENTATION_COMMENTS = YES;
				CLANG_WARN_EMPTY_BODY = YES;
				CLANG_WARN_ENUM_CONVERSION = YES;
				CLANG_WARN_INFINITE_RECURSION = YES;
				CLANG_WARN_INT_CONVERSION = YES;
				CLANG_WARN_NON_LITERAL_NULL_CONVERSION = YES;
				CLANG_WARN_OBJC_IMPLICIT_RETAIN_SELF = YES;
				CLANG_WARN_OBJC_LITERAL_CONVERSION = YES;
				CLANG_WARN_OBJC_ROOT_CLASS = YES_ERROR;
				CLANG_WARN_QUOTED_INCLUDE_IN_FRAMEWORK_HEADER = YES;
				CLANG_WARN_RANGE_LOOP_ANALYSIS = YES;
				CLANG_WARN_STRICT_PROTOTYPES = YES;
				CLANG_WARN_SUSPICIOUS_MOVE = YES;
				CLANG_WARN_UNGUARDED_AVAILABILITY = YES_AGGRESSIVE;
				CLANG_WARN_UNREACHABLE_CODE = YES;
				CLANG_WARN__DUPLICATE_METHOD_MATCH = YES;
				COPY_PHASE_STRIP = NO;
				DEBUG_INFORMATION_FORMAT = dwarf;
				ENABLE_STRICT_OBJC_MSGSEND = YES;
				ENABLE_TESTABILITY = YES;
				GCC_C_LANGUAGE_STANDARD = gnu11;
				GCC_DYNAMIC_NO_PIC = NO;
				GCC_NO_COMMON_BLOCKS = YES;
				GCC_OPTIMIZATION_LEVEL = 0;
				GCC_PREPROCESSOR_DEFINITIONS = (
					"DEBUG=1",
					"$(inherited)",
				);
				GCC_WARN_64_TO_32_BIT_CONVERSION = YES;
				GCC_WARN_ABOUT_RETURN_TYPE = YES_ERROR;
				GCC_WARN_UNDECLARED_SELECTOR = YES;
				GCC_WARN_UNINITIALIZED_AUTOS = YES_AGGRESSIVE;
				GCC_WARN_UNUSED_FUNCTION = YES;
				GCC_WARN_UNUSED_VARIABLE = YES;
				IPHONEOS_DEPLOYMENT_TARGET = 15.2;
				MTL_ENABLE_DEBUG_INFO = INCLUDE_SOURCE;
				MTL_FAST_MATH = YES;
				ONLY_ACTIVE_ARCH = YES;
				SDKROOT = iphoneos;
				SWIFT_ACTIVE_COMPILATION_CONDITIONS = DEBUG;
				SWIFT_OPTIMIZATION_LEVEL = "-Onone";
			};
			name = Debug;
		};
		3DA925AD27B00763005405A1 /* Release */ = {
			isa = XCBuildConfiguration;
			buildSettings = {
				ALWAYS_SEARCH_USER_PATHS = NO;
				CLANG_ANALYZER_NONNULL = YES;
				CLANG_ANALYZER_NUMBER_OBJECT_CONVERSION = YES_AGGRESSIVE;
				CLANG_CXX_LANGUAGE_STANDARD = "gnu++17";
				CLANG_CXX_LIBRARY = "libc++";
				CLANG_ENABLE_MODULES = YES;
				CLANG_ENABLE_OBJC_ARC = YES;
				CLANG_ENABLE_OBJC_WEAK = YES;
				CLANG_WARN_BLOCK_CAPTURE_AUTORELEASING = YES;
				CLANG_WARN_BOOL_CONVERSION = YES;
				CLANG_WARN_COMMA = YES;
				CLANG_WARN_CONSTANT_CONVERSION = YES;
				CLANG_WARN_DEPRECATED_OBJC_IMPLEMENTATIONS = YES;
				CLANG_WARN_DIRECT_OBJC_ISA_USAGE = YES_ERROR;
				CLANG_WARN_DOCUMENTATION_COMMENTS = YES;
				CLANG_WARN_EMPTY_BODY = YES;
				CLANG_WARN_ENUM_CONVERSION = YES;
				CLANG_WARN_INFINITE_RECURSION = YES;
				CLANG_WARN_INT_CONVERSION = YES;
				CLANG_WARN_NON_LITERAL_NULL_CONVERSION = YES;
				CLANG_WARN_OBJC_IMPLICIT_RETAIN_SELF = YES;
				CLANG_WARN_OBJC_LITERAL_CONVERSION = YES;
				CLANG_WARN_OBJC_ROOT_CLASS = YES_ERROR;
				CLANG_WARN_QUOTED_INCLUDE_IN_FRAMEWORK_HEADER = YES;
				CLANG_WARN_RANGE_LOOP_ANALYSIS = YES;
				CLANG_WARN_STRICT_PROTOTYPES = YES;
				CLANG_WARN_SUSPICIOUS_MOVE = YES;
				CLANG_WARN_UNGUARDED_AVAILABILITY = YES_AGGRESSIVE;
				CLANG_WARN_UNREACHABLE_CODE = YES;
				CLANG_WARN__DUPLICATE_METHOD_MATCH = YES;
				COPY_PHASE_STRIP = NO;
				DEBUG_INFORMATION_FORMAT = "dwarf-with-dsym";
				ENABLE_NS_ASSERTIONS = NO;
				ENABLE_STRICT_OBJC_MSGSEND = YES;
				GCC_C_LANGUAGE_STANDARD = gnu11;
				GCC_NO_COMMON_BLOCKS = YES;
				GCC_WARN_64_TO_32_BIT_CONVERSION = YES;
				GCC_WARN_ABOUT_RETURN_TYPE = YES_ERROR;
				GCC_WARN_UNDECLARED_SELECTOR = YES;
				GCC_WARN_UNINITIALIZED_AUTOS = YES_AGGRESSIVE;
				GCC_WARN_UNUSED_FUNCTION = YES;
				GCC_WARN_UNUSED_VARIABLE = YES;
				IPHONEOS_DEPLOYMENT_TARGET = 15.2;
				MTL_ENABLE_DEBUG_INFO = NO;
				MTL_FAST_MATH = YES;
				SDKROOT = iphoneos;
				SWIFT_COMPILATION_MODE = wholemodule;
				SWIFT_OPTIMIZATION_LEVEL = "-O";
				VALIDATE_PRODUCT = YES;
			};
			name = Release;
		};
		3DA925AF27B00763005405A1 /* Debug */ = {
			isa = XCBuildConfiguration;
			buildSettings = {
				ASSETCATALOG_COMPILER_APPICON_NAME = AppIcon;
				ASSETCATALOG_COMPILER_GLOBAL_ACCENT_COLOR_NAME = AccentColor;
				CODE_SIGN_STYLE = Automatic;
				CURRENT_PROJECT_VERSION = 1;
				DEVELOPMENT_TEAM = GLQQLN3R4U;
				GENERATE_INFOPLIST_FILE = YES;
				INFOPLIST_FILE = RxSwiftTIL/Info.plist;
				INFOPLIST_KEY_UIApplicationSupportsIndirectInputEvents = YES;
				INFOPLIST_KEY_UILaunchStoryboardName = LaunchScreen;
				INFOPLIST_KEY_UIMainStoryboardFile = Main;
				INFOPLIST_KEY_UISupportedInterfaceOrientations_iPad = "UIInterfaceOrientationPortrait UIInterfaceOrientationPortraitUpsideDown UIInterfaceOrientationLandscapeLeft UIInterfaceOrientationLandscapeRight";
				INFOPLIST_KEY_UISupportedInterfaceOrientations_iPhone = "UIInterfaceOrientationPortrait UIInterfaceOrientationLandscapeLeft UIInterfaceOrientationLandscapeRight";
				LD_RUNPATH_SEARCH_PATHS = (
					"$(inherited)",
					"@executable_path/Frameworks",
				);
				MARKETING_VERSION = 1.0;
				PRODUCT_BUNDLE_IDENTIFIER = "com.miori.dev-ios-RxSwift.RxSwiftTIL";
				PRODUCT_NAME = "$(TARGET_NAME)";
				SWIFT_EMIT_LOC_STRINGS = YES;
				SWIFT_VERSION = 5.0;
				TARGETED_DEVICE_FAMILY = "1,2";
			};
			name = Debug;
		};
		3DA925B027B00763005405A1 /* Release */ = {
			isa = XCBuildConfiguration;
			buildSettings = {
				ASSETCATALOG_COMPILER_APPICON_NAME = AppIcon;
				ASSETCATALOG_COMPILER_GLOBAL_ACCENT_COLOR_NAME = AccentColor;
				CODE_SIGN_STYLE = Automatic;
				CURRENT_PROJECT_VERSION = 1;
				DEVELOPMENT_TEAM = GLQQLN3R4U;
				GENERATE_INFOPLIST_FILE = YES;
				INFOPLIST_FILE = RxSwiftTIL/Info.plist;
				INFOPLIST_KEY_UIApplicationSupportsIndirectInputEvents = YES;
				INFOPLIST_KEY_UILaunchStoryboardName = LaunchScreen;
				INFOPLIST_KEY_UIMainStoryboardFile = Main;
				INFOPLIST_KEY_UISupportedInterfaceOrientations_iPad = "UIInterfaceOrientationPortrait UIInterfaceOrientationPortraitUpsideDown UIInterfaceOrientationLandscapeLeft UIInterfaceOrientationLandscapeRight";
				INFOPLIST_KEY_UISupportedInterfaceOrientations_iPhone = "UIInterfaceOrientationPortrait UIInterfaceOrientationLandscapeLeft UIInterfaceOrientationLandscapeRight";
				LD_RUNPATH_SEARCH_PATHS = (
					"$(inherited)",
					"@executable_path/Frameworks",
				);
				MARKETING_VERSION = 1.0;
				PRODUCT_BUNDLE_IDENTIFIER = "com.miori.dev-ios-RxSwift.RxSwiftTIL";
				PRODUCT_NAME = "$(TARGET_NAME)";
				SWIFT_EMIT_LOC_STRINGS = YES;
				SWIFT_VERSION = 5.0;
				TARGETED_DEVICE_FAMILY = "1,2";
			};
			name = Release;
		};
/* End XCBuildConfiguration section */

/* Begin XCConfigurationList section */
		3DA9259527B00762005405A1 /* Build configuration list for PBXProject "RxSwiftTIL" */ = {
			isa = XCConfigurationList;
			buildConfigurations = (
				3DA925AC27B00763005405A1 /* Debug */,
				3DA925AD27B00763005405A1 /* Release */,
			);
			defaultConfigurationIsVisible = 0;
			defaultConfigurationName = Release;
		};
		3DA925AE27B00763005405A1 /* Build configuration list for PBXNativeTarget "RxSwiftTIL" */ = {
			isa = XCConfigurationList;
			buildConfigurations = (
				3DA925AF27B00763005405A1 /* Debug */,
				3DA925B027B00763005405A1 /* Release */,
			);
			defaultConfigurationIsVisible = 0;
			defaultConfigurationName = Release;
		};
/* End XCConfigurationList section */

/* Begin XCRemoteSwiftPackageReference section */
		3DA925B127B00783005405A1 /* XCRemoteSwiftPackageReference "RxSwift" */ = {
			isa = XCRemoteSwiftPackageReference;
			repositoryURL = "https://github.com/ReactiveX/RxSwift.git";
			requirement = {
				kind = exactVersion;
				version = 6.5.0;
			};
		};
/* End XCRemoteSwiftPackageReference section */

/* Begin XCSwiftPackageProductDependency section */
		3DA925B227B00784005405A1 /* RxCocoa */ = {
			isa = XCSwiftPackageProductDependency;
			package = 3DA925B127B00783005405A1 /* XCRemoteSwiftPackageReference "RxSwift" */;
			productName = RxCocoa;
		};
		3DA925B427B00784005405A1 /* RxRelay */ = {
			isa = XCSwiftPackageProductDependency;
			package = 3DA925B127B00783005405A1 /* XCRemoteSwiftPackageReference "RxSwift" */;
			productName = RxRelay;
		};
		3DA925B627B00784005405A1 /* RxSwift */ = {
			isa = XCSwiftPackageProductDependency;
			package = 3DA925B127B00783005405A1 /* XCRemoteSwiftPackageReference "RxSwift" */;
			productName = RxSwift;
		};
/* End XCSwiftPackageProductDependency section */
	};
	rootObject = 3DA9259227B00762005405A1 /* Project object */;
}
